<?xml version="1.0" encoding="utf-8"?>
<Project ToolsVersion="4.0" xmlns="http://schemas.microsoft.com/developer/msbuild/2003">
  <ItemGroup>
    <Filter Include="Source Files">
      <UniqueIdentifier>{4FC737F1-C7A5-4376-A066-2A32D752A2FF}</UniqueIdentifier>
      <Extensions>cpp;c;cc;cxx;def;odl;idl;hpj;bat;asm;asmx</Extensions>
    </Filter>
    <Filter Include="Header Files">
      <UniqueIdentifier>{93995380-89BD-4b04-88EB-625FBE52EBFB}</UniqueIdentifier>
      <Extensions>src\*h;src\*hpp;</Extensions>
    </Filter>
    <Filter Include="Resource Files">
      <UniqueIdentifier>{67DA6AB6-F800-4c08-8B7A-83BB121AAD01}</UniqueIdentifier>
      <Extensions>rc;ico;cur;bmp;dlg;rc2;rct;bin;rgs;gif;jpg;jpeg;jpe;resx;tiff;tif;png;wav;mfcribbon-ms</Extensions>
    </Filter>
  </ItemGroup>
  <ItemGroup>
    <ClInclude Include="src\BSPEditor2D.h">
      <Filter>Header Files</Filter>
    </ClInclude>
    <ClInclude Include="src\BSPEditor3D.h">
      <Filter>Header Files</Filter>
    </ClInclude>
    <ClInclude Include="src\BSPNode.h">
      <Filter>Header Files</Filter>
    </ClInclude>
    <ClInclude Include="src\BSPTree.h">
      <Filter>Header Files</Filter>
    </ClInclude>
    <ClInclude Include="src\Camera.h">
      <Filter>Header Files</Filter>
    </ClInclude>
    <ClInclude Include="src\CompositeModel.h">
      <Filter>Header Files</Filter>
    </ClInclude>
    <ClInclude Include="src\ContentAlignment.h">
      <Filter>Header Files</Filter>
    </ClInclude>
    <ClInclude Include="src\Cube.h">
      <Filter>Header Files</Filter>
    </ClInclude>
    <ClInclude Include="src\CubeList.h">
      <Filter>Header Files</Filter>
    </ClInclude>
    <ClInclude Include="src\CubeRenderer.h">
      <Filter>Header Files</Filter>
    </ClInclude>
    <ClInclude Include="src\CustomCube.h">
      <Filter>Header Files</Filter>
    </ClInclude>
    <ClInclude Include="src\CustomModel.h">
      <Filter>Header Files</Filter>
    </ClInclude>
    <ClInclude Include="src\FontGenerator.h">
      <Filter>Header Files</Filter>
    </ClInclude>
    <ClInclude Include="src\GLConfig.h">
      <Filter>Header Files</Filter>
    </ClInclude>
    <ClInclude Include="src\GraphicObject.h">
      <Filter>Header Files</Filter>
    </ClInclude>
    <ClInclude Include="src\GraphicObject2D.h">
      <Filter>Header Files</Filter>
    </ClInclude>
    <ClInclude Include="src\GraphicObject3D.h">
      <Filter>Header Files</Filter>
    </ClInclude>
    <ClInclude Include="src\GridSystem.h">
      <Filter>Header Files</Filter>
    </ClInclude>
    <ClInclude Include="src\Line.h">
      <Filter>Header Files</Filter>
    </ClInclude>
    <ClInclude Include="src\LineList.h">
      <Filter>Header Files</Filter>
    </ClInclude>
    <ClInclude Include="src\LogGL.hpp">
      <Filter>Header Files</Filter>
    </ClInclude>
    <ClInclude Include="src\ModelFile.h">
      <Filter>Header Files</Filter>
    </ClInclude>
    <ClInclude Include="src\Point.h">
      <Filter>Header Files</Filter>
    </ClInclude>
    <ClInclude Include="src\PointList.h">
      <Filter>Header Files</Filter>
    </ClInclude>
    <ClInclude Include="src\Polygon3D.h">
      <Filter>Header Files</Filter>
    </ClInclude>
    <ClInclude Include="src\RenderData.h">
      <Filter>Header Files</Filter>
    </ClInclude>
    <ClInclude Include="src\RendererSettings.h">
      <Filter>Header Files</Filter>
    </ClInclude>
    <ClInclude Include="src\Shader.h">
      <Filter>Header Files</Filter>
    </ClInclude>
    <ClInclude Include="src\SpectrumRendering.h">
      <Filter>Header Files</Filter>
    </ClInclude>
    <ClInclude Include="src\SphereRenderer.h">
      <Filter>Header Files</Filter>
    </ClInclude>
    <ClInclude Include="src\SphereX.h">
      <Filter>Header Files</Filter>
    </ClInclude>
    <ClInclude Include="src\Sprite.h">
      <Filter>Header Files</Filter>
    </ClInclude>
    <ClInclude Include="src\Square.h">
      <Filter>Header Files</Filter>
    </ClInclude>
    <ClInclude Include="src\Triangle.h">
      <Filter>Header Files</Filter>
    </ClInclude>
    <ClInclude Include="src\Framebuffer.h">
      <Filter>Header Files</Filter>
    </ClInclude>
    <ClInclude Include="src\RendererEditor.h">
      <Filter>Header Files</Filter>
    </ClInclude>
    <ClInclude Include="src\OpenGLTexture.h">
      <Filter>Header Files</Filter>
    </ClInclude>
    <ClInclude Include="src\IRendererManager.h">
      <Filter>Header Files</Filter>
    </ClInclude>
    <ClInclude Include="src\Rock.h">
      <Filter>Header Files</Filter>
    </ClInclude>
    <ClInclude Include="src\RockRenderer.h">
      <Filter>Header Files</Filter>
    </ClInclude>
    <ClInclude Include="src\Model.h">
      <Filter>Header Files</Filter>
    </ClInclude>
    <ClInclude Include="src\ObjModel.h">
      <Filter>Header Files</Filter>
    </ClInclude>
    <ClInclude Include="src\OpenGLBuffer.h">
      <Filter>Header Files</Filter>
    </ClInclude>
    <ClInclude Include="src\OpenGLShader.h">
      <Filter>Header Files</Filter>
    </ClInclude>
    <ClInclude Include="src\ShaderAttribute.h">
      <Filter>Header Files</Filter>
    </ClInclude>
    <ClInclude Include="src\ShaderUniform.h">
      <Filter>Header Files</Filter>
    </ClInclude>
    <ClInclude Include="src\SpViewportData.h">
      <Filter>Header Files</Filter>
    </ClInclude>
    <ClInclude Include="src\OpenGLRendererManager.h">
      <Filter>Header Files</Filter>
    </ClInclude>
    <ClInclude Include="src\GraphicObject3DList.h">
      <Filter>Header Files</Filter>
    </ClInclude>
    <ClInclude Include="src\RendererList.h">
      <Filter>Header Files</Filter>
    </ClInclude>
    <ClInclude Include="src\kDOP18List.h">
      <Filter>Header Files</Filter>
    </ClInclude>
    <ClInclude Include="src\IGraphicObjectRenderer.h">
      <Filter>Header Files</Filter>
    </ClInclude>
    <ClInclude Include="src\OpenGLTextureBuffer.h">
      <Filter>Header Files</Filter>
    </ClInclude>
    <ClInclude Include="src\BoundingVolumeRenderer.h">
      <Filter>Header Files</Filter>
    </ClInclude>
    <ClInclude Include="src\DOP18Renderer.h">
      <Filter>Header Files</Filter>
    </ClInclude>
    <ClInclude Include="src\FakeBoundingVolumeRenderer.h">
      <Filter>Header Files</Filter>
    </ClInclude>
  </ItemGroup>
  <ItemGroup>
    <ClCompile Include="src\BSPEditor2D.cpp">
      <Filter>Source Files</Filter>
    </ClCompile>
    <ClCompile Include="src\BSPEditor3D.cpp">
      <Filter>Source Files</Filter>
    </ClCompile>
    <ClCompile Include="src\BSPNode.cpp">
      <Filter>Source Files</Filter>
    </ClCompile>
    <ClCompile Include="src\BSPTree.cpp">
      <Filter>Source Files</Filter>
    </ClCompile>
    <ClCompile Include="src\Camera.cpp">
      <Filter>Source Files</Filter>
    </ClCompile>
    <ClCompile Include="src\CompositeModel.cpp">
      <Filter>Source Files</Filter>
    </ClCompile>
    <ClCompile Include="src\Cube.cpp">
      <Filter>Source Files</Filter>
    </ClCompile>
    <ClCompile Include="src\CubeList.cpp">
      <Filter>Source Files</Filter>
    </ClCompile>
    <ClCompile Include="src\CubeRenderer.cpp">
      <Filter>Source Files</Filter>
    </ClCompile>
    <ClCompile Include="src\CustomCube.cpp">
      <Filter>Source Files</Filter>
    </ClCompile>
    <ClCompile Include="src\CustomModel.cpp">
      <Filter>Source Files</Filter>
    </ClCompile>
    <ClCompile Include="src\FontGenerator.cpp">
      <Filter>Source Files</Filter>
    </ClCompile>
    <ClCompile Include="src\GridSystem.cpp">
      <Filter>Source Files</Filter>
    </ClCompile>
    <ClCompile Include="src\Line.cpp">
      <Filter>Source Files</Filter>
    </ClCompile>
    <ClCompile Include="src\LineList.cpp">
      <Filter>Source Files</Filter>
    </ClCompile>
    <ClCompile Include="src\ModelFile.cpp">
      <Filter>Source Files</Filter>
    </ClCompile>
    <ClCompile Include="src\Point.cpp">
      <Filter>Source Files</Filter>
    </ClCompile>
    <ClCompile Include="src\PointList.cpp">
      <Filter>Source Files</Filter>
    </ClCompile>
    <ClCompile Include="src\Polygon3D.cpp">
      <Filter>Source Files</Filter>
    </ClCompile>
    <ClCompile Include="src\RendererSettings.cpp">
      <Filter>Source Files</Filter>
    </ClCompile>
    <ClCompile Include="src\Shader.cpp">
      <Filter>Source Files</Filter>
    </ClCompile>
    <ClCompile Include="src\SphereRenderer.cpp">
      <Filter>Source Files</Filter>
    </ClCompile>
    <ClCompile Include="src\SphereX.cpp">
      <Filter>Source Files</Filter>
    </ClCompile>
    <ClCompile Include="src\Sprite.cpp">
      <Filter>Source Files</Filter>
    </ClCompile>
    <ClCompile Include="src\Square.cpp">
      <Filter>Source Files</Filter>
    </ClCompile>
    <ClCompile Include="src\Triangle.cpp">
      <Filter>Source Files</Filter>
    </ClCompile>
    <ClCompile Include="src\Framebuffer.cpp">
      <Filter>Source Files</Filter>
    </ClCompile>
    <ClCompile Include="src\Rock.cpp">
      <Filter>Source Files</Filter>
    </ClCompile>
    <ClCompile Include="src\RockRenderer.cpp">
      <Filter>Source Files</Filter>
    </ClCompile>
    <ClCompile Include="src\DefaultRendererManager.cpp">
      <Filter>Source Files</Filter>
    </ClCompile>
    <ClCompile Include="src\RendererList.cpp">
      <Filter>Source Files</Filter>
    </ClCompile>
    <ClCompile Include="src\kDOP18List.cpp">
      <Filter>Source Files</Filter>
    </ClCompile>
  </ItemGroup>
</Project>